
Microsoft Visual Studio Solution File, Format Version 12.00
# Visual Studio Version 16
VisualStudioVersion = 16.0.31515.178
MinimumVisualStudioVersion = 10.0.40219.1
Project("{8BC9CEB8-8B4A-11D0-8D11-00A0C91BC942}") = "client", "client\client.vcxproj", "{EE6010A5-01C9-4F7B-BD7E-13AB81EFE89E}"
EndProject
Project("{8BC9CEB8-8B4A-11D0-8D11-00A0C91BC942}") = "server", "server\server.vcxproj", "{F8D3C700-E022-4340-9339-92488CF73BBA}"
EndProject
Project("{8BC9CEB8-8B4A-11D0-8D11-00A0C91BC942}") = "lib", "lib\lib.vcxproj", "{30EC8683-1E3A-45BD-848D-694DA1D13285}"
EndProject
Global
	GlobalSection(SolutionConfigurationPlatforms) = preSolution
		Debug|x64 = Debug|x64
		Debug|x86 = Debug|x86
		Release|x64 = Release|x64
		Release|x86 = Release|x86
	EndGlobalSection
	GlobalSection(ProjectConfigurationPlatforms) = postSolution
		{EE6010A5-01C9-4F7B-BD7E-13AB81EFE89E}.Debug|x64.ActiveCfg = Debug|x64
		{EE6010A5-01C9-4F7B-BD7E-13AB81EFE89E}.Debug|x64.Build.0 = Debug|x64
		{EE6010A5-01C9-4F7B-BD7E-13AB81EFE89E}.Debug|x86.ActiveCfg = Debug|Win32
		{EE6010A5-01C9-4F7B-BD7E-13AB81EFE89E}.Debug|x86.Build.0 = Debug|Win32
		{EE6010A5-01C9-4F7B-BD7E-13AB81EFE89E}.Release|x64.ActiveCfg = Release|x64
		{EE6010A5-01C9-4F7B-BD7E-13AB81EFE89E}.Release|x64.Build.0 = Release|x64
		{EE6010A5-01C9-4F7B-BD7E-13AB81EFE89E}.Release|x86.ActiveCfg = Release|Win32
		{EE6010A5-01C9-4F7B-BD7E-13AB81EFE89E}.Release|x86.Build.0 = Release|Win32
		{F8D3C700-E022-4340-9339-92488CF73BBA}.Debug|x64.ActiveCfg = Debug|x64
		{F8D3C700-E022-4340-9339-92488CF73BBA}.Debug|x64.Build.0 = Debug|x64
		{F8D3C700-E022-4340-9339-92488CF73BBA}.Debug|x86.ActiveCfg = Debug|Win32
		{F8D3C700-E022-4340-9339-92488CF73BBA}.Debug|x86.Build.0 = Debug|Win32
		{F8D3C700-E022-4340-9339-92488CF73BBA}.Release|x64.ActiveCfg = Release|x64
		{F8D3C700-E022-4340-9339-92488CF73BBA}.Release|x64.Build.0 = Release|x64
		{F8D3C700-E022-4340-9339-92488CF73BBA}.Release|x86.ActiveCfg = Release|Win32
		{F8D3C700-E022-4340-9339-92488CF73BBA}.Release|x86.Build.0 = Release|Win32
		{30EC8683-1E3A-45BD-848D-694DA1D13285}.Debug|x64.ActiveCfg = Debug|x64
		{30EC8683-1E3A-45BD-848D-694DA1D13285}.Debug|x64.Build.0 = Debug|x64
		{30EC8683-1E3A-45BD-848D-694DA1D13285}.Debug|x86.ActiveCfg = Debug|Win32
		{30EC8683-1E3A-45BD-848D-694DA1D13285}.Debug|x86.Build.0 = Debug|Win32
		{30EC8683-1E3A-45BD-848D-694DA1D13285}.Release|x64.ActiveCfg = Release|x64
		{30EC8683-1E3A-45BD-848D-694DA1D13285}.Release|x64.Build.0 = Release|x64
		{30EC8683-1E3A-45BD-848D-694DA1D13285}.Release|x86.ActiveCfg = Release|Win32
		{30EC8683-1E3A-45BD-848D-694DA1D13285}.Release|x86.Build.0 = Release|Win32
	EndGlobalSection
	GlobalSection(SolutionProperties) = preSolution
		HideSolutionNode = FALSE
	EndGlobalSection
	GlobalSection(ExtensibilityGlobals) = postSolution
		SolutionGuid = {CF948726-C36E-441C-87C9-2DD08D176D5F}
	EndGlobalSection
EndGlobal
